
Microsoft Visual Studio Solution File, Format Version 12.00
# Visual Studio Version 17
VisualStudioVersion = 17.3.32825.248
MinimumVisualStudioVersion = 10.0.40219.1
Project("{FAE04EC0-301F-11D3-BF4B-00C04F79EFBC}") = "HomeWork1", "HomeWork1\HomeWork1.csproj", "{032EDF40-F44F-44A5-B94C-67F2BD732726}"
EndProject
Global
	GlobalSection(SolutionConfigurationPlatforms) = preSolution
		Debug|Any CPU = Debug|Any CPU
		Release|Any CPU = Release|Any CPU
	EndGlobalSection
	GlobalSection(ProjectConfigurationPlatforms) = postSolution
		{032EDF40-F44F-44A5-B94C-67F2BD732726}.Debug|Any CPU.ActiveCfg = Debug|Any CPU
		{032EDF40-F44F-44A5-B94C-67F2BD732726}.Debug|Any CPU.Build.0 = Debug|Any CPU
		{032EDF40-F44F-44A5-B94C-67F2BD732726}.Release|Any CPU.ActiveCfg = Release|Any CPU
		{032EDF40-F44F-44A5-B94C-67F2BD732726}.Release|Any CPU.Build.0 = Release|Any CPU
	EndGlobalSection
	GlobalSection(SolutionProperties) = preSolution
		HideSolutionNode = FALSE
	EndGlobalSection
	GlobalSection(ExtensibilityGlobals) = postSolution
		SolutionGuid = {911DFECD-365D-4215-8D08-3451A1247910}
	EndGlobalSection
EndGlobal
